// !$*UTF8*$!
{
	archiveVersion = 1;
	classes = {
	};
	objectVersion = 46;
	objects = {

/* Begin PBXBuildFile section */
		A52309391A31ED6D009B193D /* BounceExplosion.sks in Resources */ = {isa = PBXBuildFile; fileRef = A52309381A31ED6D009B193D /* BounceExplosion.sks */; };
		A542D6881A2F97AB0061D08E /* HaloExplosion.sks in Resources */ = {isa = PBXBuildFile; fileRef = A542D6861A2F97AB0061D08E /* HaloExplosion.sks */; };
		A542D6891A2F97AB0061D08E /* spark.png in Resources */ = {isa = PBXBuildFile; fileRef = A542D6871A2F97AB0061D08E /* spark.png */; };
		A542D68B1A2FA5540061D08E /* halo.png in Resources */ = {isa = PBXBuildFile; fileRef = A542D68A1A2FA5540061D08E /* halo.png */; };
		A542D68D1A30703A0061D08E /* LifeBarExplosion.sks in Resources */ = {isa = PBXBuildFile; fileRef = A542D68C1A30703A0061D08E /* LifeBarExplosion.sks */; };
		A5AE5FAD1A238C9100B7FA52 /* main.m in Sources */ = {isa = PBXBuildFile; fileRef = A5AE5FAC1A238C9100B7FA52 /* main.m */; };
		A5AE5FB01A238C9100B7FA52 /* AppDelegate.m in Sources */ = {isa = PBXBuildFile; fileRef = A5AE5FAF1A238C9100B7FA52 /* AppDelegate.m */; };
		A5AE5FB51A238C9100B7FA52 /* GameViewController.m in Sources */ = {isa = PBXBuildFile; fileRef = A5AE5FB41A238C9100B7FA52 /* GameViewController.m */; };
		A5AE5FB81A238C9100B7FA52 /* Main.storyboard in Resources */ = {isa = PBXBuildFile; fileRef = A5AE5FB61A238C9100B7FA52 /* Main.storyboard */; };
		A5AE5FBA1A238C9100B7FA52 /* Images.xcassets in Resources */ = {isa = PBXBuildFile; fileRef = A5AE5FB91A238C9100B7FA52 /* Images.xcassets */; };
		A5AE5FBD1A238C9100B7FA52 /* LaunchScreen.xib in Resources */ = {isa = PBXBuildFile; fileRef = A5AE5FBB1A238C9100B7FA52 /* LaunchScreen.xib */; };
		A5AE5FC91A238C9100B7FA52 /* SpaceCannonTests.m in Sources */ = {isa = PBXBuildFile; fileRef = A5AE5FC81A238C9100B7FA52 /* SpaceCannonTests.m */; };
		A5AE5FD41A23AB1E00B7FA52 /* MainScene.m in Sources */ = {isa = PBXBuildFile; fileRef = A5AE5FD31A23AB1E00B7FA52 /* MainScene.m */; };
		A5C7DA731A38559A00A8FD24 /* Bounce.caf in Resources */ = {isa = PBXBuildFile; fileRef = A5C7DA6E1A38559A00A8FD24 /* Bounce.caf */; };
		A5C7DA741A38559A00A8FD24 /* DeepExplosion.caf in Resources */ = {isa = PBXBuildFile; fileRef = A5C7DA6F1A38559A00A8FD24 /* DeepExplosion.caf */; };
		A5C7DA751A38559A00A8FD24 /* Explosion.caf in Resources */ = {isa = PBXBuildFile; fileRef = A5C7DA701A38559A00A8FD24 /* Explosion.caf */; };
		A5C7DA761A38559A00A8FD24 /* Laser.caf in Resources */ = {isa = PBXBuildFile; fileRef = A5C7DA711A38559A00A8FD24 /* Laser.caf */; };
		A5C7DA771A38559A00A8FD24 /* Zap.caf in Resources */ = {isa = PBXBuildFile; fileRef = A5C7DA721A38559A00A8FD24 /* Zap.caf */; };
		A5C7DA7A1A385A7700A8FD24 /* SCMenu.m in Sources */ = {isa = PBXBuildFile; fileRef = A5C7DA791A385A7700A8FD24 /* SCMenu.m */; };
/* End PBXBuildFile section */

/* Begin PBXContainerItemProxy section */
		A5AE5FC31A238C9100B7FA52 /* PBXContainerItemProxy */ = {
			isa = PBXContainerItemProxy;
			containerPortal = A5AE5F9F1A238C9100B7FA52 /* Project object */;
			proxyType = 1;
			remoteGlobalIDString = A5AE5FA61A238C9100B7FA52;
			remoteInfo = SpaceCannon;
		};
/* End PBXContainerItemProxy section */

/* Begin PBXFileReference section */
		A52309381A31ED6D009B193D /* BounceExplosion.sks */ = {isa = PBXFileReference; lastKnownFileType = file.sks; path = BounceExplosion.sks; sourceTree = "<group>"; };
		A542D6861A2F97AB0061D08E /* HaloExplosion.sks */ = {isa = PBXFileReference; lastKnownFileType = file.sks; path = HaloExplosion.sks; sourceTree = "<group>"; };
		A542D6871A2F97AB0061D08E /* spark.png */ = {isa = PBXFileReference; lastKnownFileType = image.png; path = spark.png; sourceTree = "<group>"; };
		A542D68A1A2FA5540061D08E /* halo.png */ = {isa = PBXFileReference; lastKnownFileType = image.png; path = halo.png; sourceTree = "<group>"; };
		A542D68C1A30703A0061D08E /* LifeBarExplosion.sks */ = {isa = PBXFileReference; lastKnownFileType = file.sks; path = LifeBarExplosion.sks; sourceTree = "<group>"; };
		A5AE5FA71A238C9100B7FA52 /* SpaceCannon.app */ = {isa = PBXFileReference; explicitFileType = wrapper.application; includeInIndex = 0; path = SpaceCannon.app; sourceTree = BUILT_PRODUCTS_DIR; };
		A5AE5FAB1A238C9100B7FA52 /* Info.plist */ = {isa = PBXFileReference; lastKnownFileType = text.plist.xml; path = Info.plist; sourceTree = "<group>"; };
		A5AE5FAC1A238C9100B7FA52 /* main.m */ = {isa = PBXFileReference; lastKnownFileType = sourcecode.c.objc; path = main.m; sourceTree = "<group>"; };
		A5AE5FAE1A238C9100B7FA52 /* AppDelegate.h */ = {isa = PBXFileReference; lastKnownFileType = sourcecode.c.h; path = AppDelegate.h; sourceTree = "<group>"; };
		A5AE5FAF1A238C9100B7FA52 /* AppDelegate.m */ = {isa = PBXFileReference; lastKnownFileType = sourcecode.c.objc; path = AppDelegate.m; sourceTree = "<group>"; };
		A5AE5FB31A238C9100B7FA52 /* GameViewController.h */ = {isa = PBXFileReference; lastKnownFileType = sourcecode.c.h; path = GameViewController.h; sourceTree = "<group>"; };
		A5AE5FB41A238C9100B7FA52 /* GameViewController.m */ = {isa = PBXFileReference; lastKnownFileType = sourcecode.c.objc; path = GameViewController.m; sourceTree = "<group>"; };
		A5AE5FB71A238C9100B7FA52 /* Base */ = {isa = PBXFileReference; lastKnownFileType = file.storyboard; name = Base; path = Base.lproj/Main.storyboard; sourceTree = "<group>"; };
		A5AE5FB91A238C9100B7FA52 /* Images.xcassets */ = {isa = PBXFileReference; lastKnownFileType = folder.assetcatalog; path = Images.xcassets; sourceTree = "<group>"; };
		A5AE5FBC1A238C9100B7FA52 /* Base */ = {isa = PBXFileReference; lastKnownFileType = file.xib; name = Base; path = Base.lproj/LaunchScreen.xib; sourceTree = "<group>"; };
		A5AE5FC21A238C9100B7FA52 /* SpaceCannonTests.xctest */ = {isa = PBXFileReference; explicitFileType = wrapper.cfbundle; includeInIndex = 0; path = SpaceCannonTests.xctest; sourceTree = BUILT_PRODUCTS_DIR; };
		A5AE5FC71A238C9100B7FA52 /* Info.plist */ = {isa = PBXFileReference; lastKnownFileType = text.plist.xml; path = Info.plist; sourceTree = "<group>"; };
		A5AE5FC81A238C9100B7FA52 /* SpaceCannonTests.m */ = {isa = PBXFileReference; lastKnownFileType = sourcecode.c.objc; path = SpaceCannonTests.m; sourceTree = "<group>"; };
		A5AE5FD21A23AB1E00B7FA52 /* MainScene.h */ = {isa = PBXFileReference; fileEncoding = 4; lastKnownFileType = sourcecode.c.h; path = MainScene.h; sourceTree = "<group>"; };
		A5AE5FD31A23AB1E00B7FA52 /* MainScene.m */ = {isa = PBXFileReference; fileEncoding = 4; lastKnownFileType = sourcecode.c.objc; path = MainScene.m; sourceTree = "<group>"; };
		A5C7DA6E1A38559A00A8FD24 /* Bounce.caf */ = {isa = PBXFileReference; lastKnownFileType = file; path = Bounce.caf; sourceTree = "<group>"; };
		A5C7DA6F1A38559A00A8FD24 /* DeepExplosion.caf */ = {isa = PBXFileReference; lastKnownFileType = file; path = DeepExplosion.caf; sourceTree = "<group>"; };
		A5C7DA701A38559A00A8FD24 /* Explosion.caf */ = {isa = PBXFileReference; lastKnownFileType = file; path = Explosion.caf; sourceTree = "<group>"; };
		A5C7DA711A38559A00A8FD24 /* Laser.caf */ = {isa = PBXFileReference; lastKnownFileType = file; path = Laser.caf; sourceTree = "<group>"; };
		A5C7DA721A38559A00A8FD24 /* Zap.caf */ = {isa = PBXFileReference; lastKnownFileType = file; path = Zap.caf; sourceTree = "<group>"; };
		A5C7DA781A385A7700A8FD24 /* SCMenu.h */ = {isa = PBXFileReference; fileEncoding = 4; lastKnownFileType = sourcecode.c.h; path = SCMenu.h; sourceTree = "<group>"; };
		A5C7DA791A385A7700A8FD24 /* SCMenu.m */ = {isa = PBXFileReference; fileEncoding = 4; lastKnownFileType = sourcecode.c.objc; path = SCMenu.m; sourceTree = "<group>"; };
/* End PBXFileReference section */

/* Begin PBXFrameworksBuildPhase section */
		A5AE5FA41A238C9100B7FA52 /* Frameworks */ = {
			isa = PBXFrameworksBuildPhase;
			buildActionMask = 2147483647;
			files = (
			);
			runOnlyForDeploymentPostprocessing = 0;
		};
		A5AE5FBF1A238C9100B7FA52 /* Frameworks */ = {
			isa = PBXFrameworksBuildPhase;
			buildActionMask = 2147483647;
			files = (
			);
			runOnlyForDeploymentPostprocessing = 0;
		};
/* End PBXFrameworksBuildPhase section */

/* Begin PBXGroup section */
		A5AE5F9E1A238C9100B7FA52 = {
			isa = PBXGroup;
			children = (
				A5AE5FA91A238C9100B7FA52 /* SpaceCannon */,
				A5AE5FC51A238C9100B7FA52 /* SpaceCannonTests */,
				A5AE5FA81A238C9100B7FA52 /* Products */,
			);
			sourceTree = "<group>";
		};
		A5AE5FA81A238C9100B7FA52 /* Products */ = {
			isa = PBXGroup;
			children = (
				A5AE5FA71A238C9100B7FA52 /* SpaceCannon.app */,
				A5AE5FC21A238C9100B7FA52 /* SpaceCannonTests.xctest */,
			);
			name = Products;
			sourceTree = "<group>";
		};
		A5AE5FA91A238C9100B7FA52 /* SpaceCannon */ = {
			isa = PBXGroup;
			children = (
				A5C7DA6B1A38554700A8FD24 /* Assets */,
				A5AE5FAA1A238C9100B7FA52 /* Supporting Files */,
				A5AE5FB91A238C9100B7FA52 /* Images.xcassets */,
				A5AE5FB61A238C9100B7FA52 /* Main.storyboard */,
				A5AE5FBB1A238C9100B7FA52 /* LaunchScreen.xib */,
				A5AE5FAE1A238C9100B7FA52 /* AppDelegate.h */,
				A5AE5FAF1A238C9100B7FA52 /* AppDelegate.m */,
				A5AE5FB31A238C9100B7FA52 /* GameViewController.h */,
				A5AE5FB41A238C9100B7FA52 /* GameViewController.m */,
				A5AE5FD21A23AB1E00B7FA52 /* MainScene.h */,
				A5AE5FD31A23AB1E00B7FA52 /* MainScene.m */,
				A5C7DA781A385A7700A8FD24 /* SCMenu.h */,
				A5C7DA791A385A7700A8FD24 /* SCMenu.m */,
			);
			path = SpaceCannon;
			sourceTree = "<group>";
		};
		A5AE5FAA1A238C9100B7FA52 /* Supporting Files */ = {
			isa = PBXGroup;
			children = (
				A5AE5FAB1A238C9100B7FA52 /* Info.plist */,
				A5AE5FAC1A238C9100B7FA52 /* main.m */,
			);
			name = "Supporting Files";
			sourceTree = "<group>";
		};
		A5AE5FC51A238C9100B7FA52 /* SpaceCannonTests */ = {
			isa = PBXGroup;
			children = (
				A5AE5FC81A238C9100B7FA52 /* SpaceCannonTests.m */,
				A5AE5FC61A238C9100B7FA52 /* Supporting Files */,
			);
			path = SpaceCannonTests;
			sourceTree = "<group>";
		};
		A5AE5FC61A238C9100B7FA52 /* Supporting Files */ = {
			isa = PBXGroup;
			children = (
				A5AE5FC71A238C9100B7FA52 /* Info.plist */,
			);
			name = "Supporting Files";
			sourceTree = "<group>";
		};
		A5C7DA6B1A38554700A8FD24 /* Assets */ = {
			isa = PBXGroup;
			children = (
				A5C7DA6D1A38559A00A8FD24 /* sounds */,
				A542D6861A2F97AB0061D08E /* HaloExplosion.sks */,
				A542D6871A2F97AB0061D08E /* spark.png */,
				A542D68A1A2FA5540061D08E /* halo.png */,
				A542D68C1A30703A0061D08E /* LifeBarExplosion.sks */,
				A52309381A31ED6D009B193D /* BounceExplosion.sks */,
			);
			name = Assets;
			sourceTree = "<group>";
		};
		A5C7DA6D1A38559A00A8FD24 /* sounds */ = {
			isa = PBXGroup;
			children = (
				A5C7DA6E1A38559A00A8FD24 /* Bounce.caf */,
				A5C7DA6F1A38559A00A8FD24 /* DeepExplosion.caf */,
				A5C7DA701A38559A00A8FD24 /* Explosion.caf */,
				A5C7DA711A38559A00A8FD24 /* Laser.caf */,
				A5C7DA721A38559A00A8FD24 /* Zap.caf */,
			);
			path = sounds;
			sourceTree = "<group>";
		};
/* End PBXGroup section */

/* Begin PBXNativeTarget section */
		A5AE5FA61A238C9100B7FA52 /* SpaceCannon */ = {
			isa = PBXNativeTarget;
			buildConfigurationList = A5AE5FCC1A238C9100B7FA52 /* Build configuration list for PBXNativeTarget "SpaceCannon" */;
			buildPhases = (
				A5AE5FA31A238C9100B7FA52 /* Sources */,
				A5AE5FA41A238C9100B7FA52 /* Frameworks */,
				A5AE5FA51A238C9100B7FA52 /* Resources */,
			);
			buildRules = (
			);
			dependencies = (
			);
			name = SpaceCannon;
			productName = SpaceCannon;
			productReference = A5AE5FA71A238C9100B7FA52 /* SpaceCannon.app */;
			productType = "com.apple.product-type.application";
		};
		A5AE5FC11A238C9100B7FA52 /* SpaceCannonTests */ = {
			isa = PBXNativeTarget;
			buildConfigurationList = A5AE5FCF1A238C9100B7FA52 /* Build configuration list for PBXNativeTarget "SpaceCannonTests" */;
			buildPhases = (
				A5AE5FBE1A238C9100B7FA52 /* Sources */,
				A5AE5FBF1A238C9100B7FA52 /* Frameworks */,
				A5AE5FC01A238C9100B7FA52 /* Resources */,
			);
			buildRules = (
			);
			dependencies = (
				A5AE5FC41A238C9100B7FA52 /* PBXTargetDependency */,
			);
			name = SpaceCannonTests;
			productName = SpaceCannonTests;
			productReference = A5AE5FC21A238C9100B7FA52 /* SpaceCannonTests.xctest */;
			productType = "com.apple.product-type.bundle.unit-test";
		};
/* End PBXNativeTarget section */

/* Begin PBXProject section */
		A5AE5F9F1A238C9100B7FA52 /* Project object */ = {
			isa = PBXProject;
			attributes = {
				LastUpgradeCheck = 0610;
				ORGANIZATIONNAME = "HE:mobile";
				TargetAttributes = {
					A5AE5FA61A238C9100B7FA52 = {
						CreatedOnToolsVersion = 6.1;
					};
					A5AE5FC11A238C9100B7FA52 = {
						CreatedOnToolsVersion = 6.1;
						TestTargetID = A5AE5FA61A238C9100B7FA52;
					};
				};
			};
			buildConfigurationList = A5AE5FA21A238C9100B7FA52 /* Build configuration list for PBXProject "SpaceCannon" */;
			compatibilityVersion = "Xcode 3.2";
			developmentRegion = English;
			hasScannedForEncodings = 0;
			knownRegions = (
				en,
				Base,
			);
			mainGroup = A5AE5F9E1A238C9100B7FA52;
			productRefGroup = A5AE5FA81A238C9100B7FA52 /* Products */;
			projectDirPath = "";
			projectRoot = "";
			targets = (
				A5AE5FA61A238C9100B7FA52 /* SpaceCannon */,
				A5AE5FC11A238C9100B7FA52 /* SpaceCannonTests */,
			);
		};
/* End PBXProject section */

/* Begin PBXResourcesBuildPhase section */
		A5AE5FA51A238C9100B7FA52 /* Resources */ = {
			isa = PBXResourcesBuildPhase;
			buildActionMask = 2147483647;
			files = (
				A5C7DA761A38559A00A8FD24 /* Laser.caf in Resources */,
				A5C7DA741A38559A00A8FD24 /* DeepExplosion.caf in Resources */,
				A542D68D1A30703A0061D08E /* LifeBarExplosion.sks in Resources */,
				A542D6891A2F97AB0061D08E /* spark.png in Resources */,
				A5AE5FBD1A238C9100B7FA52 /* LaunchScreen.xib in Resources */,
				A542D6881A2F97AB0061D08E /* HaloExplosion.sks in Resources */,
				A5AE5FBA1A238C9100B7FA52 /* Images.xcassets in Resources */,
				A5AE5FB81A238C9100B7FA52 /* Main.storyboard in Resources */,
				A5C7DA751A38559A00A8FD24 /* Explosion.caf in Resources */,
				A5C7DA771A38559A00A8FD24 /* Zap.caf in Resources */,
				A542D68B1A2FA5540061D08E /* halo.png in Resources */,
				A52309391A31ED6D009B193D /* BounceExplosion.sks in Resources */,
				A5C7DA731A38559A00A8FD24 /* Bounce.caf in Resources */,
			);
			runOnlyForDeploymentPostprocessing = 0;
		};
		A5AE5FC01A238C9100B7FA52 /* Resources */ = {
			isa = PBXResourcesBuildPhase;
			buildActionMask = 2147483647;
			files = (
			);
			runOnlyForDeploymentPostprocessing = 0;
		};
/* End PBXResourcesBuildPhase section */

/* Begin PBXSourcesBuildPhase section */
		A5AE5FA31A238C9100B7FA52 /* Sources */ = {
			isa = PBXSourcesBuildPhase;
			buildActionMask = 2147483647;
			files = (
				A5AE5FB01A238C9100B7FA52 /* AppDelegate.m in Sources */,
				A5AE5FD41A23AB1E00B7FA52 /* MainScene.m in Sources */,
				A5C7DA7A1A385A7700A8FD24 /* SCMenu.m in Sources */,
				A5AE5FB51A238C9100B7FA52 /* GameViewController.m in Sources */,
				A5AE5FAD1A238C9100B7FA52 /* main.m in Sources */,
			);
			runOnlyForDeploymentPostprocessing = 0;
		};
		A5AE5FBE1A238C9100B7FA52 /* Sources */ = {
			isa = PBXSourcesBuildPhase;
			buildActionMask = 2147483647;
			files = (
				A5AE5FC91A238C9100B7FA52 /* SpaceCannonTests.m in Sources */,
			);
			runOnlyForDeploymentPostprocessing = 0;
		};
/* End PBXSourcesBuildPhase section */

/* Begin PBXTargetDependency section */
		A5AE5FC41A238C9100B7FA52 /* PBXTargetDependency */ = {
			isa = PBXTargetDependency;
			target = A5AE5FA61A238C9100B7FA52 /* SpaceCannon */;
			targetProxy = A5AE5FC31A238C9100B7FA52 /* PBXContainerItemProxy */;
		};
/* End PBXTargetDependency section */

/* Begin PBXVariantGroup section */
		A5AE5FB61A238C9100B7FA52 /* Main.storyboard */ = {
			isa = PBXVariantGroup;
			children = (
				A5AE5FB71A238C9100B7FA52 /* Base */,
			);
			name = Main.storyboard;
			sourceTree = "<group>";
		};
		A5AE5FBB1A238C9100B7FA52 /* LaunchScreen.xib */ = {
			isa = PBXVariantGroup;
			children = (
				A5AE5FBC1A238C9100B7FA52 /* Base */,
			);
			name = LaunchScreen.xib;
			sourceTree = "<group>";
		};
/* End PBXVariantGroup section */

/* Begin XCBuildConfiguration section */
		A5AE5FCA1A238C9100B7FA52 /* Debug */ = {
			isa = XCBuildConfiguration;
			buildSettings = {
				ALWAYS_SEARCH_USER_PATHS = NO;
				CLANG_CXX_LANGUAGE_STANDARD = "gnu++0x";
				CLANG_CXX_LIBRARY = "libc++";
				CLANG_ENABLE_MODULES = YES;
				CLANG_ENABLE_OBJC_ARC = YES;
				CLANG_WARN_BOOL_CONVERSION = YES;
				CLANG_WARN_CONSTANT_CONVERSION = YES;
				CLANG_WARN_DIRECT_OBJC_ISA_USAGE = YES_ERROR;
				CLANG_WARN_EMPTY_BODY = YES;
				CLANG_WARN_ENUM_CONVERSION = YES;
				CLANG_WARN_INT_CONVERSION = YES;
				CLANG_WARN_OBJC_ROOT_CLASS = YES_ERROR;
				CLANG_WARN_UNREACHABLE_CODE = YES;
				CLANG_WARN__DUPLICATE_METHOD_MATCH = YES;
				"CODE_SIGN_IDENTITY[sdk=iphoneos*]" = "iPhone Developer";
				COPY_PHASE_STRIP = NO;
				ENABLE_STRICT_OBJC_MSGSEND = YES;
				GCC_C_LANGUAGE_STANDARD = gnu99;
				GCC_DYNAMIC_NO_PIC = NO;
				GCC_OPTIMIZATION_LEVEL = 0;
				GCC_PREPROCESSOR_DEFINITIONS = (
					"DEBUG=1",
					"$(inherited)",
				);
				GCC_SYMBOLS_PRIVATE_EXTERN = NO;
				GCC_WARN_64_TO_32_BIT_CONVERSION = YES;
				GCC_WARN_ABOUT_RETURN_TYPE = YES_ERROR;
				GCC_WARN_UNDECLARED_SELECTOR = YES;
				GCC_WARN_UNINITIALIZED_AUTOS = YES_AGGRESSIVE;
				GCC_WARN_UNUSED_FUNCTION = YES;
				GCC_WARN_UNUSED_VARIABLE = YES;
				IPHONEOS_DEPLOYMENT_TARGET = 8.1;
				MTL_ENABLE_DEBUG_INFO = YES;
				ONLY_ACTIVE_ARCH = YES;
				SDKROOT = iphoneos;
			};
			name = Debug;
		};
		A5AE5FCB1A238C9100B7FA52 /* Release */ = {
			isa = XCBuildConfiguration;
			buildSettings = {
				ALWAYS_SEARCH_USER_PATHS = NO;
				CLANG_CXX_LANGUAGE_STANDARD = "gnu++0x";
				CLANG_CXX_LIBRARY = "libc++";
				CLANG_ENABLE_MODULES = YES;
				CLANG_ENABLE_OBJC_ARC = YES;
				CLANG_WARN_BOOL_CONVERSION = YES;
				CLANG_WARN_CONSTANT_CONVERSION = YES;
				CLANG_WARN_DIRECT_OBJC_ISA_USAGE = YES_ERROR;
				CLANG_WARN_EMPTY_BODY = YES;
				CLANG_WARN_ENUM_CONVERSION = YES;
				CLANG_WARN_INT_CONVERSION = YES;
				CLANG_WARN_OBJC_ROOT_CLASS = YES_ERROR;
				CLANG_WARN_UNREACHABLE_CODE = YES;
				CLANG_WARN__DUPLICATE_METHOD_MATCH = YES;
				"CODE_SIGN_IDENTITY[sdk=iphoneos*]" = "iPhone Developer";
				COPY_PHASE_STRIP = YES;
				ENABLE_NS_ASSERTIONS = NO;
				ENABLE_STRICT_OBJC_MSGSEND = YES;
				GCC_C_LANGUAGE_STANDARD = gnu99;
				GCC_WARN_64_TO_32_BIT_CONVERSION = YES;
				GCC_WARN_ABOUT_RETURN_TYPE = YES_ERROR;
				GCC_WARN_UNDECLARED_SELECTOR = YES;
				GCC_WARN_UNINITIALIZED_AUTOS = YES_AGGRESSIVE;
				GCC_WARN_UNUSED_FUNCTION = YES;
				GCC_WARN_UNUSED_VARIABLE = YES;
				IPHONEOS_DEPLOYMENT_TARGET = 8.1;
				MTL_ENABLE_DEBUG_INFO = NO;
				SDKROOT = iphoneos;
				VALIDATE_PRODUCT = YES;
			};
			name = Release;
		};
		A5AE5FCD1A238C9100B7FA52 /* Debug */ = {
			isa = XCBuildConfiguration;
			buildSettings = {
				ASSETCATALOG_COMPILER_APPICON_NAME = AppIcon;
				INFOPLIST_FILE = SpaceCannon/Info.plist;
				LD_RUNPATH_SEARCH_PATHS = "$(inherited) @executable_path/Frameworks";
				PRODUCT_NAME = "$(TARGET_NAME)";
			};
			name = Debug;
		};
		A5AE5FCE1A238C9100B7FA52 /* Release */ = {
			isa = XCBuildConfiguration;
			buildSettings = {
				ASSETCATALOG_COMPILER_APPICON_NAME = AppIcon;
				INFOPLIST_FILE = SpaceCannon/Info.plist;
				LD_RUNPATH_SEARCH_PATHS = "$(inherited) @executable_path/Frameworks";
				PRODUCT_NAME = "$(TARGET_NAME)";
			};
			name = Release;
		};
		A5AE5FD01A238C9100B7FA52 /* Debug */ = {
			isa = XCBuildConfiguration;
			buildSettings = {
				BUNDLE_LOADER = "$(TEST_HOST)";
				FRAMEWORK_SEARCH_PATHS = (
					"$(SDKROOT)/Developer/Library/Frameworks",
					"$(inherited)",
				);
				GCC_PREPROCESSOR_DEFINITIONS = (
					"DEBUG=1",
					"$(inherited)",
				);
				INFOPLIST_FILE = SpaceCannonTests/Info.plist;
				LD_RUNPATH_SEARCH_PATHS = "$(inherited) @executable_path/Frameworks @loader_path/Frameworks";
				PRODUCT_NAME = "$(TARGET_NAME)";
				TEST_HOST = "$(BUILT_PRODUCTS_DIR)/SpaceCannon.app/SpaceCannon";
			};
			name = Debug;
		};
		A5AE5FD11A238C9100B7FA52 /* Release */ = {
			isa = XCBuildConfiguration;
			buildSettings = {
				BUNDLE_LOADER = "$(TEST_HOST)";
				FRAMEWORK_SEARCH_PATHS = (
					"$(SDKROOT)/Developer/Library/Frameworks",
					"$(inherited)",
				);
				INFOPLIST_FILE = SpaceCannonTests/Info.plist;
				LD_RUNPATH_SEARCH_PATHS = "$(inherited) @executable_path/Frameworks @loader_path/Frameworks";
				PRODUCT_NAME = "$(TARGET_NAME)";
				TEST_HOST = "$(BUILT_PRODUCTS_DIR)/SpaceCannon.app/SpaceCannon";
			};
			name = Release;
		};
/* End XCBuildConfiguration section */

/* Begin XCConfigurationList section */
		A5AE5FA21A238C9100B7FA52 /* Build configuration list for PBXProject "SpaceCannon" */ = {
			isa = XCConfigurationList;
			buildConfigurations = (
				A5AE5FCA1A238C9100B7FA52 /* Debug */,
				A5AE5FCB1A238C9100B7FA52 /* Release */,
			);
			defaultConfigurationIsVisible = 0;
			defaultConfigurationName = Release;
		};
		A5AE5FCC1A238C9100B7FA52 /* Build configuration list for PBXNativeTarget "SpaceCannon" */ = {
			isa = XCConfigurationList;
			buildConfigurations = (
				A5AE5FCD1A238C9100B7FA52 /* Debug */,
				A5AE5FCE1A238C9100B7FA52 /* Release */,
			);
			defaultConfigurationIsVisible = 0;
			defaultConfigurationName = Release;
		};
		A5AE5FCF1A238C9100B7FA52 /* Build configuration list for PBXNativeTarget "SpaceCannonTests" */ = {
			isa = XCConfigurationList;
			buildConfigurations = (
				A5AE5FD01A238C9100B7FA52 /* Debug */,
				A5AE5FD11A238C9100B7FA52 /* Release */,
			);
			defaultConfigurationIsVisible = 0;
			defaultConfigurationName = Release;
		};
/* End XCConfigurationList section */
	};
	rootObject = A5AE5F9F1A238C9100B7FA52 /* Project object */;
}
